// !$*UTF8*$!
{
	archiveVersion = 1;
	classes = {
	};
	objectVersion = 46;
	objects = {

/* Begin PBXBuildFile section */
		37ACBA7D7698662868C1585C /* Pods_tumblR.framework in Frameworks */ = {isa = PBXBuildFile; fileRef = 2FF653D781D74C6921DAAC81 /* Pods_tumblR.framework */; };
		E53C71731E3446F400540535 /* InfiniteScrollActivityView.swift in Sources */ = {isa = PBXBuildFile; fileRef = E53C71721E3446F400540535 /* InfiniteScrollActivityView.swift */; };
		E53C71751E35522500540535 /* FullScreenPhotoViewController.swift in Sources */ = {isa = PBXBuildFile; fileRef = E53C71741E35522500540535 /* FullScreenPhotoViewController.swift */; };
		E53CD9DB1E294ED3008AC35A /* AppDelegate.swift in Sources */ = {isa = PBXBuildFile; fileRef = E53CD9DA1E294ED3008AC35A /* AppDelegate.swift */; };
		E53CD9E01E294ED3008AC35A /* Main.storyboard in Resources */ = {isa = PBXBuildFile; fileRef = E53CD9DE1E294ED3008AC35A /* Main.storyboard */; };
		E53CD9E21E294ED3008AC35A /* Assets.xcassets in Resources */ = {isa = PBXBuildFile; fileRef = E53CD9E11E294ED3008AC35A /* Assets.xcassets */; };
		E53CD9E51E294ED3008AC35A /* LaunchScreen.storyboard in Resources */ = {isa = PBXBuildFile; fileRef = E53CD9E31E294ED3008AC35A /* LaunchScreen.storyboard */; };
		E53CD9ED1E295132008AC35A /* PhotosViewController.swift in Sources */ = {isa = PBXBuildFile; fileRef = E53CD9EC1E295132008AC35A /* PhotosViewController.swift */; };
		E53CD9EF1E295919008AC35A /* PhotoCell.swift in Sources */ = {isa = PBXBuildFile; fileRef = E53CD9EE1E295919008AC35A /* PhotoCell.swift */; };
		E53CD9F21E297EB0008AC35A /* PhotoDetailsViewController.swift in Sources */ = {isa = PBXBuildFile; fileRef = E53CD9F11E297EB0008AC35A /* PhotoDetailsViewController.swift */; };
/* End PBXBuildFile section */

/* Begin PBXFileReference section */
		2FF653D781D74C6921DAAC81 /* Pods_tumblR.framework */ = {isa = PBXFileReference; explicitFileType = wrapper.framework; includeInIndex = 0; path = Pods_tumblR.framework; sourceTree = BUILT_PRODUCTS_DIR; };
		7E3DE35774FC77E493AA4758 /* Pods-tumblR.release.xcconfig */ = {isa = PBXFileReference; includeInIndex = 1; lastKnownFileType = text.xcconfig; name = "Pods-tumblR.release.xcconfig"; path = "Pods/Target Support Files/Pods-tumblR/Pods-tumblR.release.xcconfig"; sourceTree = "<group>"; };
		C61F23406E75EBBE9FA6CACD /* Pods-tumblR.debug.xcconfig */ = {isa = PBXFileReference; includeInIndex = 1; lastKnownFileType = text.xcconfig; name = "Pods-tumblR.debug.xcconfig"; path = "Pods/Target Support Files/Pods-tumblR/Pods-tumblR.debug.xcconfig"; sourceTree = "<group>"; };
		E53C71721E3446F400540535 /* InfiniteScrollActivityView.swift */ = {isa = PBXFileReference; fileEncoding = 4; lastKnownFileType = sourcecode.swift; path = InfiniteScrollActivityView.swift; sourceTree = "<group>"; };
		E53C71741E35522500540535 /* FullScreenPhotoViewController.swift */ = {isa = PBXFileReference; fileEncoding = 4; lastKnownFileType = sourcecode.swift; path = FullScreenPhotoViewController.swift; sourceTree = "<group>"; };
		E53CD9D71E294ED3008AC35A /* tumblR.app */ = {isa = PBXFileReference; explicitFileType = wrapper.application; includeInIndex = 0; path = tumblR.app; sourceTree = BUILT_PRODUCTS_DIR; };
		E53CD9DA1E294ED3008AC35A /* AppDelegate.swift */ = {isa = PBXFileReference; lastKnownFileType = sourcecode.swift; path = AppDelegate.swift; sourceTree = "<group>"; };
		E53CD9DF1E294ED3008AC35A /* Base */ = {isa = PBXFileReference; lastKnownFileType = file.storyboard; name = Base; path = Base.lproj/Main.storyboard; sourceTree = "<group>"; };
		E53CD9E11E294ED3008AC35A /* Assets.xcassets */ = {isa = PBXFileReference; lastKnownFileType = folder.assetcatalog; path = Assets.xcassets; sourceTree = "<group>"; };
		E53CD9E41E294ED3008AC35A /* Base */ = {isa = PBXFileReference; lastKnownFileType = file.storyboard; name = Base; path = Base.lproj/LaunchScreen.storyboard; sourceTree = "<group>"; };
		E53CD9E61E294ED3008AC35A /* Info.plist */ = {isa = PBXFileReference; lastKnownFileType = text.plist.xml; path = Info.plist; sourceTree = "<group>"; };
		E53CD9EC1E295132008AC35A /* PhotosViewController.swift */ = {isa = PBXFileReference; fileEncoding = 4; lastKnownFileType = sourcecode.swift; path = PhotosViewController.swift; sourceTree = "<group>"; };
		E53CD9EE1E295919008AC35A /* PhotoCell.swift */ = {isa = PBXFileReference; fileEncoding = 4; lastKnownFileType = sourcecode.swift; path = PhotoCell.swift; sourceTree = "<group>"; };
		E53CD9F11E297EB0008AC35A /* PhotoDetailsViewController.swift */ = {isa = PBXFileReference; fileEncoding = 4; lastKnownFileType = sourcecode.swift; path = PhotoDetailsViewController.swift; sourceTree = "<group>"; };
/* End PBXFileReference section */

/* Begin PBXFrameworksBuildPhase section */
		E53CD9D41E294ED3008AC35A /* Frameworks */ = {
			isa = PBXFrameworksBuildPhase;
			buildActionMask = 2147483647;
			files = (
				37ACBA7D7698662868C1585C /* Pods_tumblR.framework in Frameworks */,
			);
			runOnlyForDeploymentPostprocessing = 0;
		};
/* End PBXFrameworksBuildPhase section */

/* Begin PBXGroup section */
		80E062D4B55C81A479837211 /* Frameworks */ = {
			isa = PBXGroup;
			children = (
				2FF653D781D74C6921DAAC81 /* Pods_tumblR.framework */,
			);
			name = Frameworks;
			sourceTree = "<group>";
		};
		B9F38DB041134928CA01045F /* Pods */ = {
			isa = PBXGroup;
			children = (
				C61F23406E75EBBE9FA6CACD /* Pods-tumblR.debug.xcconfig */,
				7E3DE35774FC77E493AA4758 /* Pods-tumblR.release.xcconfig */,
			);
			name = Pods;
			sourceTree = "<group>";
		};
		E53CD9CE1E294ED3008AC35A = {
			isa = PBXGroup;
			children = (
				E53CD9D91E294ED3008AC35A /* tumblR */,
				E53CD9D81E294ED3008AC35A /* Products */,
				B9F38DB041134928CA01045F /* Pods */,
				80E062D4B55C81A479837211 /* Frameworks */,
			);
			sourceTree = "<group>";
		};
		E53CD9D81E294ED3008AC35A /* Products */ = {
			isa = PBXGroup;
			children = (
				E53CD9D71E294ED3008AC35A /* tumblR.app */,
			);
			name = Products;
			sourceTree = "<group>";
		};
		E53CD9D91E294ED3008AC35A /* tumblR */ = {
			isa = PBXGroup;
			children = (
				E53CD9F01E297E84008AC35A /* UI */,
				E53CD9DA1E294ED3008AC35A /* AppDelegate.swift */,
				E53CD9DE1E294ED3008AC35A /* Main.storyboard */,
				E53CD9E11E294ED3008AC35A /* Assets.xcassets */,
				E53CD9E31E294ED3008AC35A /* LaunchScreen.storyboard */,
				E53CD9E61E294ED3008AC35A /* Info.plist */,
			);
			path = tumblR;
			sourceTree = "<group>";
		};
		E53CD9F01E297E84008AC35A /* UI */ = {
			isa = PBXGroup;
			children = (
				E53CD9EC1E295132008AC35A /* PhotosViewController.swift */,
				E53CD9EE1E295919008AC35A /* PhotoCell.swift */,
				E53CD9F11E297EB0008AC35A /* PhotoDetailsViewController.swift */,
				E53C71721E3446F400540535 /* InfiniteScrollActivityView.swift */,
				E53C71741E35522500540535 /* FullScreenPhotoViewController.swift */,
			);
			name = UI;
			sourceTree = "<group>";
		};
/* End PBXGroup section */

/* Begin PBXNativeTarget section */
		E53CD9D61E294ED3008AC35A /* tumblR */ = {
			isa = PBXNativeTarget;
			buildConfigurationList = E53CD9E91E294ED3008AC35A /* Build configuration list for PBXNativeTarget "tumblR" */;
			buildPhases = (
				104A20933B54146A30A556E0 /* [CP] Check Pods Manifest.lock */,
				E53CD9D31E294ED3008AC35A /* Sources */,
				E53CD9D41E294ED3008AC35A /* Frameworks */,
				E53CD9D51E294ED3008AC35A /* Resources */,
				19D1FFB85791D00031CD5743 /* [CP] Embed Pods Frameworks */,
				BB3022039350F952B2378782 /* [CP] Copy Pods Resources */,
			);
			buildRules = (
			);
			dependencies = (
			);
			name = tumblR;
			productName = tumblR;
			productReference = E53CD9D71E294ED3008AC35A /* tumblR.app */;
			productType = "com.apple.product-type.application";
		};
/* End PBXNativeTarget section */

/* Begin PBXProject section */
		E53CD9CF1E294ED3008AC35A /* Project object */ = {
			isa = PBXProject;
			attributes = {
				LastSwiftUpdateCheck = 0820;
				LastUpgradeCheck = 0820;
				ORGANIZATIONNAME = FeiLabs;
				TargetAttributes = {
					E53CD9D61E294ED3008AC35A = {
						CreatedOnToolsVersion = 8.2.1;
						DevelopmentTeam = F7WL3Y7459;
						ProvisioningStyle = Automatic;
					};
				};
			};
			buildConfigurationList = E53CD9D21E294ED3008AC35A /* Build configuration list for PBXProject "tumblR" */;
			compatibilityVersion = "Xcode 3.2";
			developmentRegion = English;
			hasScannedForEncodings = 0;
			knownRegions = (
				en,
				Base,
			);
			mainGroup = E53CD9CE1E294ED3008AC35A;
			productRefGroup = E53CD9D81E294ED3008AC35A /* Products */;
			projectDirPath = "";
			projectRoot = "";
			targets = (
				E53CD9D61E294ED3008AC35A /* tumblR */,
			);
		};
/* End PBXProject section */

/* Begin PBXResourcesBuildPhase section */
		E53CD9D51E294ED3008AC35A /* Resources */ = {
			isa = PBXResourcesBuildPhase;
			buildActionMask = 2147483647;
			files = (
				E53CD9E51E294ED3008AC35A /* LaunchScreen.storyboard in Resources */,
				E53CD9E21E294ED3008AC35A /* Assets.xcassets in Resources */,
				E53CD9E01E294ED3008AC35A /* Main.storyboard in Resources */,
			);
			runOnlyForDeploymentPostprocessing = 0;
		};
/* End PBXResourcesBuildPhase section */

/* Begin PBXShellScriptBuildPhase section */
		104A20933B54146A30A556E0 /* [CP] Check Pods Manifest.lock */ = {
			isa = PBXShellScriptBuildPhase;
			buildActionMask = 2147483647;
			files = (
			);
			inputPaths = (
			);
			name = "[CP] Check Pods Manifest.lock";
			outputPaths = (
			);
			runOnlyForDeploymentPostprocessing = 0;
			shellPath = /bin/sh;
			shellScript = "diff \"${PODS_ROOT}/../Podfile.lock\" \"${PODS_ROOT}/Manifest.lock\" > /dev/null\nif [ $? != 0 ] ; then\n    # print error to STDERR\n    echo \"error: The sandbox is not in sync with the Podfile.lock. Run 'pod install' or update your CocoaPods installation.\" >&2\n    exit 1\nfi\n";
			showEnvVarsInLog = 0;
		};
		19D1FFB85791D00031CD5743 /* [CP] Embed Pods Frameworks */ = {
			isa = PBXShellScriptBuildPhase;
			buildActionMask = 2147483647;
			files = (
			);
			inputPaths = (
			);
			name = "[CP] Embed Pods Frameworks";
			outputPaths = (
			);
			runOnlyForDeploymentPostprocessing = 0;
			shellPath = /bin/sh;
			shellScript = "\"${SRCROOT}/Pods/Target Support Files/Pods-tumblR/Pods-tumblR-frameworks.sh\"\n";
			showEnvVarsInLog = 0;
		};
		BB3022039350F952B2378782 /* [CP] Copy Pods Resources */ = {
			isa = PBXShellScriptBuildPhase;
			buildActionMask = 2147483647;
			files = (
			);
			inputPaths = (
			);
			name = "[CP] Copy Pods Resources";
			outputPaths = (
			);
			runOnlyForDeploymentPostprocessing = 0;
			shellPath = /bin/sh;
			shellScript = "\"${SRCROOT}/Pods/Target Support Files/Pods-tumblR/Pods-tumblR-resources.sh\"\n";
			showEnvVarsInLog = 0;
		};
/* End PBXShellScriptBuildPhase section */

/* Begin PBXSourcesBuildPhase section */
		E53CD9D31E294ED3008AC35A /* Sources */ = {
			isa = PBXSourcesBuildPhase;
			buildActionMask = 2147483647;
			files = (
				E53C71731E3446F400540535 /* InfiniteScrollActivityView.swift in Sources */,
				E53CD9F21E297EB0008AC35A /* PhotoDetailsViewController.swift in Sources */,
				E53CD9DB1E294ED3008AC35A /* AppDelegate.swift in Sources */,
				E53CD9EF1E295919008AC35A /* PhotoCell.swift in Sources */,
				E53C71751E35522500540535 /* FullScreenPhotoViewController.swift in Sources */,
				E53CD9ED1E295132008AC35A /* PhotosViewController.swift in Sources */,
			);
			runOnlyForDeploymentPostprocessing = 0;
		};
/* End PBXSourcesBuildPhase section */

/* Begin PBXVariantGroup section */
		E53CD9DE1E294ED3008AC35A /* Main.storyboard */ = {
			isa = PBXVariantGroup;
			children = (
				E53CD9DF1E294ED3008AC35A /* Base */,
			);
			name = Main.storyboard;
			sourceTree = "<group>";
		};
		E53CD9E31E294ED3008AC35A /* LaunchScreen.storyboard */ = {
			isa = PBXVariantGroup;
			children = (
				E53CD9E41E294ED3008AC35A /* Base */,
			);
			name = LaunchScreen.storyboard;
			sourceTree = "<group>";
		};
/* End PBXVariantGroup section */

/* Begin XCBuildConfiguration section */
		E53CD9E71E294ED3008AC35A /* Debug */ = {
			isa = XCBuildConfiguration;
			buildSettings = {
				ALWAYS_SEARCH_USER_PATHS = NO;
				CLANG_ANALYZER_NONNULL = YES;
				CLANG_CXX_LANGUAGE_STANDARD = "gnu++0x";
				CLANG_CXX_LIBRARY = "libc++";
				CLANG_ENABLE_MODULES = YES;
				CLANG_ENABLE_OBJC_ARC = YES;
				CLANG_WARN_BOOL_CONVERSION = YES;
				CLANG_WARN_CONSTANT_CONVERSION = YES;
				CLANG_WARN_DIRECT_OBJC_ISA_USAGE = YES_ERROR;
				CLANG_WARN_DOCUMENTATION_COMMENTS = YES;
				CLANG_WARN_EMPTY_BODY = YES;
				CLANG_WARN_ENUM_CONVERSION = YES;
				CLANG_WARN_INFINITE_RECURSION = YES;
				CLANG_WARN_INT_CONVERSION = YES;
				CLANG_WARN_OBJC_ROOT_CLASS = YES_ERROR;
				CLANG_WARN_SUSPICIOUS_MOVE = YES;
				CLANG_WARN_UNREACHABLE_CODE = YES;
				CLANG_WARN__DUPLICATE_METHOD_MATCH = YES;
				"CODE_SIGN_IDENTITY[sdk=iphoneos*]" = "iPhone Developer";
				COPY_PHASE_STRIP = NO;
				DEBUG_INFORMATION_FORMAT = dwarf;
				ENABLE_STRICT_OBJC_MSGSEND = YES;
				ENABLE_TESTABILITY = YES;
				GCC_C_LANGUAGE_STANDARD = gnu99;
				GCC_DYNAMIC_NO_PIC = NO;
				GCC_NO_COMMON_BLOCKS = YES;
				GCC_OPTIMIZATION_LEVEL = 0;
				GCC_PREPROCESSOR_DEFINITIONS = (
					"DEBUG=1",
					"$(inherited)",
				);
				GCC_WARN_64_TO_32_BIT_CONVERSION = YES;
				GCC_WARN_ABOUT_RETURN_TYPE = YES_ERROR;
				GCC_WARN_UNDECLARED_SELECTOR = YES;
				GCC_WARN_UNINITIALIZED_AUTOS = YES_AGGRESSIVE;
				GCC_WARN_UNUSED_FUNCTION = YES;
				GCC_WARN_UNUSED_VARIABLE = YES;
				IPHONEOS_DEPLOYMENT_TARGET = 10.2;
				MTL_ENABLE_DEBUG_INFO = YES;
				ONLY_ACTIVE_ARCH = YES;
				SDKROOT = iphoneos;
				SWIFT_ACTIVE_COMPILATION_CONDITIONS = DEBUG;
				SWIFT_OPTIMIZATION_LEVEL = "-Onone";
			};
			name = Debug;
		};
		E53CD9E81E294ED3008AC35A /* Release */ = {
			isa = XCBuildConfiguration;
			buildSettings = {
				ALWAYS_SEARCH_USER_PATHS = NO;
				CLANG_ANALYZER_NONNULL = YES;
				CLANG_CXX_LANGUAGE_STANDARD = "gnu++0x";
				CLANG_CXX_LIBRARY = "libc++";
				CLANG_ENABLE_MODULES = YES;
				CLANG_ENABLE_OBJC_ARC = YES;
				CLANG_WARN_BOOL_CONVERSION = YES;
				CLANG_WARN_CONSTANT_CONVERSION = YES;
				CLANG_WARN_DIRECT_OBJC_ISA_USAGE = YES_ERROR;
				CLANG_WARN_DOCUMENTATION_COMMENTS = YES;
				CLANG_WARN_EMPTY_BODY = YES;
				CLANG_WARN_ENUM_CONVERSION = YES;
				CLANG_WARN_INFINITE_RECURSION = YES;
				CLANG_WARN_INT_CONVERSION = YES;
				CLANG_WARN_OBJC_ROOT_CLASS = YES_ERROR;
				CLANG_WARN_SUSPICIOUS_MOVE = YES;
				CLANG_WARN_UNREACHABLE_CODE = YES;
				CLANG_WARN__DUPLICATE_METHOD_MATCH = YES;
				"CODE_SIGN_IDENTITY[sdk=iphoneos*]" = "iPhone Developer";
				COPY_PHASE_STRIP = NO;
				DEBUG_INFORMATION_FORMAT = "dwarf-with-dsym";
				ENABLE_NS_ASSERTIONS = NO;
				ENABLE_STRICT_OBJC_MSGSEND = YES;
				GCC_C_LANGUAGE_STANDARD = gnu99;
				GCC_NO_COMMON_BLOCKS = YES;
				GCC_WARN_64_TO_32_BIT_CONVERSION = YES;
				GCC_WARN_ABOUT_RETURN_TYPE = YES_ERROR;
				GCC_WARN_UNDECLARED_SELECTOR = YES;
				GCC_WARN_UNINITIALIZED_AUTOS = YES_AGGRESSIVE;
				GCC_WARN_UNUSED_FUNCTION = YES;
				GCC_WARN_UNUSED_VARIABLE = YES;
				IPHONEOS_DEPLOYMENT_TARGET = 10.2;
				MTL_ENABLE_DEBUG_INFO = NO;
				SDKROOT = iphoneos;
				SWIFT_OPTIMIZATION_LEVEL = "-Owholemodule";
				VALIDATE_PRODUCT = YES;
			};
			name = Release;
		};
		E53CD9EA1E294ED3008AC35A /* Debug */ = {
			isa = XCBuildConfiguration;
			baseConfigurationReference = C61F23406E75EBBE9FA6CACD /* Pods-tumblR.debug.xcconfig */;
			buildSettings = {
				ASSETCATALOG_COMPILER_APPICON_NAME = AppIcon;
				DEVELOPMENT_TEAM = F7WL3Y7459;
				INFOPLIST_FILE = tumblR/Info.plist;
				LD_RUNPATH_SEARCH_PATHS = "$(inherited) @executable_path/Frameworks";
				PRODUCT_BUNDLE_IDENTIFIER = feiLabs.com.tumblR;
				PRODUCT_NAME = "$(TARGET_NAME)";
				SWIFT_VERSION = 3.0;
			};
			name = Debug;
		};
		E53CD9EB1E294ED3008AC35A /* Release */ = {
			isa = XCBuildConfiguration;
			baseConfigurationReference = 7E3DE35774FC77E493AA4758 /* Pods-tumblR.release.xcconfig */;
			buildSettings = {
				ASSETCATALOG_COMPILER_APPICON_NAME = AppIcon;
				DEVELOPMENT_TEAM = F7WL3Y7459;
				INFOPLIST_FILE = tumblR/Info.plist;
				LD_RUNPATH_SEARCH_PATHS = "$(inherited) @executable_path/Frameworks";
				PRODUCT_BUNDLE_IDENTIFIER = feiLabs.com.tumblR;
				PRODUCT_NAME = "$(TARGET_NAME)";
				SWIFT_VERSION = 3.0;
			};
			name = Release;
		};
/* End XCBuildConfiguration section */

/* Begin XCConfigurationList section */
		E53CD9D21E294ED3008AC35A /* Build configuration list for PBXProject "tumblR" */ = {
			isa = XCConfigurationList;
			buildConfigurations = (
				E53CD9E71E294ED3008AC35A /* Debug */,
				E53CD9E81E294ED3008AC35A /* Release */,
			);
			defaultConfigurationIsVisible = 0;
			defaultConfigurationName = Release;
		};
		E53CD9E91E294ED3008AC35A /* Build configuration list for PBXNativeTarget "tumblR" */ = {
			isa = XCConfigurationList;
			buildConfigurations = (
				E53CD9EA1E294ED3008AC35A /* Debug */,
				E53CD9EB1E294ED3008AC35A /* Release */,
			);
			defaultConfigurationIsVisible = 0;
			defaultConfigurationName = Release;
		};
/* End XCConfigurationList section */
	};
	rootObject = E53CD9CF1E294ED3008AC35A /* Project object */;
}
